
Microsoft Visual Studio Solution File, Format Version 12.00
# Visual Studio Version 16
VisualStudioVersion = 16.0.30002.166
MinimumVisualStudioVersion = 10.0.40219.1
Project("{FAE04EC0-301F-11D3-BF4B-00C04F79EFBC}") = "RevitFamilyComparer", "RevitFamilyComparer\RevitFamilyComparer.csproj", "{78072C8D-70A1-4B9A-9C20-0F2C0ADF59A3}"
EndProject
Global
	GlobalSection(SolutionConfigurationPlatforms) = preSolution
		Debug|Any CPU = Debug|Any CPU
		Release|Any CPU = Release|Any CPU
	EndGlobalSection
	GlobalSection(ProjectConfigurationPlatforms) = postSolution
		{78072C8D-70A1-4B9A-9C20-0F2C0ADF59A3}.Debug|Any CPU.ActiveCfg = Debug|Any CPU
		{78072C8D-70A1-4B9A-9C20-0F2C0ADF59A3}.Debug|Any CPU.Build.0 = Debug|Any CPU
		{78072C8D-70A1-4B9A-9C20-0F2C0ADF59A3}.Release|Any CPU.ActiveCfg = Release|Any CPU
		{78072C8D-70A1-4B9A-9C20-0F2C0ADF59A3}.Release|Any CPU.Build.0 = Release|Any CPU
	EndGlobalSection
	GlobalSection(SolutionProperties) = preSolution
		HideSolutionNode = FALSE
	EndGlobalSection
	GlobalSection(ExtensibilityGlobals) = postSolution
		SolutionGuid = {CF261C3D-D8A9-4A17-BAF5-DC8A43E8A6BD}
	EndGlobalSection
EndGlobal
